github.com/jessevdk/go-flags v1.5.0 h1:1jKYvbxEjfUl0fmqTCOfonvskHHXMjBySTLW4y9LFvc=
github.com/jessevdk/go-flags v1.5.0/go.mod h1:Fw0T6WPc1dYxT4mKEZRfG5kJhaTDP9pj1c2EWnYs/m4=
golang.org/x/exp v0.0.0-20240314144324-c7f7c6466f7f h1:3CW0unweImhOzd5FmYuRsD4Y4oQFKZIjAnKbjV4WIrw=
golang.org/x/exp v0.0.0-20240314144324-c7f7c6466f7f/go.mod h1:CxmFvTBINI24O/j8iY7H1xHzx2i4OsyguNBmN/uPtqc=
golang.org/x/sys v0.0.0-20210320140829-1e4c9ba3b0c4 h1:EZ2mChiOa8udjfp6rRmswTbtZN/QzUQp4ptM4rnjHvc=
golang.org/x/sys v0.0.0-20210320140829-1e4c9ba3b0c4/go.mod h1:h1NjWce9XRLGQEsW7wpKNCjG9DtNlClVuFLEZdDNbEs=
