github.com/facette/natsort v0.0.0-20181210072756-2cd4dd1e2dcb h1:IT4JYU7k4ikYg1SCxNI1/Tieq/NFvh6dzLdgi7eu0tM=
github.com/facette/natsort v0.0.0-20181210072756-2cd4dd1e2dcb/go.mod h1:bH6Xx7IW64qjjJq8M2u4dxNaBiDfKK+z/3eGDpXEQhc=
github.com/periaate/clf v0.0.11 h1:ed3hU50a0yD9WbYcOXMBgLaCwbZCCO+jKx1Uwm085lU=
github.com/periaate/clf v0.0.11/go.mod h1:Z/JhrQCgFdLpQRudj8YRNYHBKuYGjZ2qU1SY/ZV3Qn0=
github.com/periaate/common v0.0.10 h1:iYnfhj2nLV1NnlbmdO6fkBKSosz5xrNlvBAgTKiroIA=
github.com/periaate/common v0.0.10/go.mod h1:f4+34uuW9Z0Cp0L+fTSo0nXMAhybycC0MB4gubxFoAc=
github.com/periaate/ls v0.0.10 h1:83BWB8SQs8LyNFxNqJBpofEAs+3NCa/fzpZNMUv2wlk=
github.com/periaate/ls v0.0.10/go.mod h1:vNaMreU3mDvNOe3LL/3kjUqQvIV8BDKIpOi0+S3EyGc=
github.com/periaate/slice v0.0.3 h1:nJdunQ3RjNCwOhl23V75wKVKoTTqSZbfWvvCNY+Be/c=
github.com/periaate/slice v0.0.3/go.mod h1:nVh9r5AUP3dFCwRR7+LdwbTwXVc70Zm8LrT4BR68Kj8=
