github.com/facette/natsort v0.0.0-20181210072756-2cd4dd1e2dcb h1:IT4JYU7k4ikYg1SCxNI1/Tieq/NFvh6dzLdgi7eu0tM=
github.com/facette/natsort v0.0.0-20181210072756-2cd4dd1e2dcb/go.mod h1:bH6Xx7IW64qjjJq8M2u4dxNaBiDfKK+z/3eGDpXEQhc=
github.com/periaate/clf v0.0.11 h1:ed3hU50a0yD9WbYcOXMBgLaCwbZCCO+jKx1Uwm085lU=
github.com/periaate/clf v0.0.11/go.mod h1:Z/JhrQCgFdLpQRudj8YRNYHBKuYGjZ2qU1SY/ZV3Qn0=
github.com/periaate/common v0.0.10 h1:iYnfhj2nLV1NnlbmdO6fkBKSosz5xrNlvBAgTKiroIA=
github.com/periaate/common v0.0.10/go.mod h1:f4+34uuW9Z0Cp0L+fTSo0nXMAhybycC0MB4gubxFoAc=
github.com/periaate/ls v0.0.11 h1:tTvJgdomxpS0gPZeQxqFCfUNpL9fQAXJmubebX9OfhM=
github.com/periaate/ls v0.0.11/go.mod h1:E5zPCGv+Apl90VEhiIWio97FYBM6jRJy1BF5hEm3OsA=
github.com/periaate/slice v0.0.10 h1:vCV0VKY8GNVNdgHwcCfKe84isYLY+LDIYr37QFYLW3Q=
github.com/periaate/slice v0.0.10/go.mod h1:h8mG0i08c+p9uJM8Z5bWhiiyuIp+5d0cMYYvmRHWUJ4=
golang.org/x/exp v0.0.0-20240416160154-fe59bbe5cc7f h1:99ci1mjWVBWwJiEKYY6jWa4d2nTQVIEhZIptnrVb1XY=
golang.org/x/exp v0.0.0-20240416160154-fe59bbe5cc7f/go.mod h1:/lliqkxwWAhPjf5oSOIJup2XcqJaw8RGS6k3TGEc7GI=
